<?xml version="1.0" encoding="utf-8"?>
<Project ToolsVersion="4.0" xmlns="http://schemas.microsoft.com/developer/msbuild/2003">
  <ItemGroup>
    <Filter Include="Source Files">
      <UniqueIdentifier>{4FC737F1-C7A5-4376-A066-2A32D752A2FF}</UniqueIdentifier>
      <Extensions>cpp;c;cc;cxx;c++;cppm;ixx;def;odl;idl;hpj;bat;asm;asmx</Extensions>
    </Filter>
    <Filter Include="Header Files">
      <UniqueIdentifier>{93995380-89BD-4b04-88EB-625FBE52EBFB}</UniqueIdentifier>
      <Extensions>h;hh;hpp;hxx;h++;hm;inl;inc;ipp;xsd</Extensions>
    </Filter>
    <Filter Include="Resource Files">
      <UniqueIdentifier>{67DA6AB6-F800-4c08-8B7A-83BB121AAD01}</UniqueIdentifier>
      <Extensions>rc;ico;cur;bmp;dlg;rc2;rct;bin;rgs;gif;jpg;jpeg;jpe;resx;tiff;tif;png;wav;mfcribbon-ms</Extensions>
    </Filter>
    <Filter Include="Physics">
      <UniqueIdentifier>{45b77f82-bb05-4ad2-b93f-c110976e11d8}</UniqueIdentifier>
    </Filter>
    <Filter Include="BVH aabb">
      <UniqueIdentifier>{4560d9e5-d148-4397-a8cb-28d7e9b00738}</UniqueIdentifier>
    </Filter>
    <Filter Include="Lua">
      <UniqueIdentifier>{23033d8c-4189-49bb-8c53-3444c18d920e}</UniqueIdentifier>
    </Filter>
    <Filter Include="Commands">
      <UniqueIdentifier>{1a70f3d1-a44d-4e48-aadf-3486808ea55b}</UniqueIdentifier>
    </Filter>
    <Filter Include="Lua\Lua Scripts">
      <UniqueIdentifier>{12a3b8f7-d4dd-40a9-9e08-f3f544300270}</UniqueIdentifier>
    </Filter>
    <Filter Include="Shaders">
      <UniqueIdentifier>{b27b67c5-4b35-4b60-b925-e3f2849cb149}</UniqueIdentifier>
    </Filter>
    <Filter Include="Entities">
      <UniqueIdentifier>{78937b8b-1518-4943-b9ff-21900a3e4d9e}</UniqueIdentifier>
    </Filter>
    <Filter Include="Entities\SpaceShip">
      <UniqueIdentifier>{2fc45378-e64d-4b0e-9815-745775789b9a}</UniqueIdentifier>
    </Filter>
    <Filter Include="Entities\Sphere">
      <UniqueIdentifier>{b682a238-983a-44a6-b257-bacc8be99f35}</UniqueIdentifier>
    </Filter>
    <Filter Include="Lua\Lua Handler">
      <UniqueIdentifier>{521665ea-c7f0-41c8-bcf1-a17525a557e2}</UniqueIdentifier>
    </Filter>
    <Filter Include="GameObject">
      <UniqueIdentifier>{0ffb7bfd-032e-4278-b865-d679a0b8f32c}</UniqueIdentifier>
    </Filter>
  </ItemGroup>
  <ItemGroup>
    <ClCompile Include="..\Dependencies\glad\src\glad.c">
      <Filter>Source Files</Filter>
    </ClCompile>
    <ClCompile Include="src\Shader.cpp">
      <Filter>Source Files</Filter>
    </ClCompile>
    <ClCompile Include="src\Camera.cpp">
      <Filter>Source Files</Filter>
    </ClCompile>
    <ClCompile Include="src\mesh.cpp">
      <Filter>Source Files</Filter>
    </ClCompile>
    <ClCompile Include="src\model.cpp">
      <Filter>Source Files</Filter>
    </ClCompile>
    <ClCompile Include="Extern\imGui\imgui.cpp">
      <Filter>Source Files</Filter>
    </ClCompile>
    <ClCompile Include="Extern\imGui\imgui_demo.cpp">
      <Filter>Source Files</Filter>
    </ClCompile>
    <ClCompile Include="Extern\imGui\imgui_draw.cpp">
      <Filter>Source Files</Filter>
    </ClCompile>
    <ClCompile Include="Extern\imGui\imgui_impl_glfw.cpp">
      <Filter>Source Files</Filter>
    </ClCompile>
    <ClCompile Include="Extern\imGui\imgui_impl_opengl3.cpp">
      <Filter>Source Files</Filter>
    </ClCompile>
    <ClCompile Include="Extern\imGui\imgui_tables.cpp">
      <Filter>Source Files</Filter>
    </ClCompile>
    <ClCompile Include="Extern\imGui\imgui_widgets.cpp">
      <Filter>Source Files</Filter>
    </ClCompile>
    <ClCompile Include="src\Renderer.cpp">
      <Filter>Source Files</Filter>
    </ClCompile>
    <ClCompile Include="src\Light.cpp">
      <Filter>Source Files</Filter>
    </ClCompile>
    <ClCompile Include="src\Transform.cpp">
      <Filter>Source Files</Filter>
    </ClCompile>
    <ClCompile Include="src\LightManager.cpp">
      <Filter>Source Files</Filter>
    </ClCompile>
    <ClCompile Include="src\Application.cpp">
      <Filter>Source Files</Filter>
    </ClCompile>
    <ClCompile Include="src\material.cpp">
      <Filter>Source Files</Filter>
    </ClCompile>
    <ClCompile Include="src\Textures.cpp">
      <Filter>Source Files</Filter>
    </ClCompile>
    <ClCompile Include="src\VertexArray.cpp">
      <Filter>Source Files</Filter>
    </ClCompile>
    <ClCompile Include="src\VertexBuffer.cpp">
      <Filter>Source Files</Filter>
    </ClCompile>
    <ClCompile Include="src\IndexBuffer.cpp">
      <Filter>Source Files</Filter>
    </ClCompile>
    <ClCompile Include="src\ApplicationRenderer.cpp">
      <Filter>Source Files</Filter>
    </ClCompile>
    <ClCompile Include="src\Main.cpp">
      <Filter>Source Files</Filter>
    </ClCompile>
    <ClCompile Include="src\GraphicsRender.cpp">
      <Filter>Source Files</Filter>
    </ClCompile>
    <ClCompile Include="src\PhysicsObject.cpp">
      <Filter>Physics</Filter>
    </ClCompile>
    <ClCompile Include="src\PhysicsEngine.cpp">
      <Filter>Physics</Filter>
    </ClCompile>
    <ClCompile Include="src\Skybox.cpp">
      <Filter>Source Files</Filter>
    </ClCompile>
    <ClCompile Include="src\LoadModelsExternal.cpp">
      <Filter>Source Files</Filter>
    </ClCompile>
    <ClCompile Include="src\CameraMovement.cpp">
      <Filter>Source Files</Filter>
    </ClCompile>
    <ClCompile Include="src\BvhNode.h">
      <Filter>BVH aabb</Filter>
    </ClCompile>
    <ClCompile Include="src\BvhTree.cpp">
      <Filter>BVH aabb</Filter>
    </ClCompile>
    <ClCompile Include="src\BvhNode.cpp">
      <Filter>BVH aabb</Filter>
    </ClCompile>
    <ClCompile Include="src\PhysicsCollisionTypes.cpp">
      <Filter>Physics</Filter>
    </ClCompile>
    <ClCompile Include="src\SpaceShip.cpp">
      <Filter>Entities\SpaceShip</Filter>
    </ClCompile>
    <ClCompile Include="src\LuaBrain.cpp">
      <Filter>Source Files</Filter>
    </ClCompile>
    <ClCompile Include="src\CommandGroup.cpp">
      <Filter>Commands</Filter>
    </ClCompile>
    <ClCompile Include="src\CommandManager.cpp">
      <Filter>Commands</Filter>
    </ClCompile>
    <ClCompile Include="src\MoveTo.cpp">
      <Filter>Commands</Filter>
    </ClCompile>
    <ClCompile Include="src\Command.cpp">
      <Filter>Commands</Filter>
    </ClCompile>
    <ClCompile Include="src\Ball.cpp">
      <Filter>Entities\Sphere</Filter>
    </ClCompile>
    <ClCompile Include="src\OrientTo.cpp">
      <Filter>Commands</Filter>
    </ClCompile>
    <ClCompile Include="src\FollowObject.cpp">
      <Filter>Commands</Filter>
    </ClCompile>
    <ClCompile Include="src\LuaManager.cpp">
      <Filter>Lua\Lua Handler</Filter>
    </ClCompile>
    <ClCompile Include="src\LuaHandler.cpp">
      <Filter>Lua\Lua Handler</Filter>
    </ClCompile>
    <ClCompile Include="src\SpawnObject.cpp">
      <Filter>Commands</Filter>
    </ClCompile>
    <ClCompile Include="src\Singleton.cpp">
      <Filter>Source Files</Filter>
    </ClCompile>
    <ClCompile Include="src\GameObject.cpp">
      <Filter>GameObject</Filter>
    </ClCompile>
    <ClCompile Include="src\Sphere.cpp">
      <Filter>Entities\Sphere</Filter>
    </ClCompile>
    <ClCompile Include="src\WaitForSecond.cpp">
      <Filter>Commands</Filter>
    </ClCompile>
    <ClCompile Include="src\AsteroidGroups.cpp">
      <Filter>Source Files</Filter>
    </ClCompile>
    <ClCompile Include="src\MoveAlongOneAxisWithTime.cpp">
      <Filter>Commands</Filter>
    </ClCompile>
    <ClCompile Include="src\Asteroid.cpp">
      <Filter>Entities</Filter>
    </ClCompile>
    <ClCompile Include="src\FighterJet.cpp">
      <Filter>Entities</Filter>
    </ClCompile>
  </ItemGroup>
  <ItemGroup>
    <ClInclude Include="src\Shader.h">
      <Filter>Header Files</Filter>
    </ClInclude>
    <ClInclude Include="..\stb_image.h">
      <Filter>Header Files</Filter>
    </ClInclude>
    <ClInclude Include="src\Camera.h">
      <Filter>Header Files</Filter>
    </ClInclude>
    <ClInclude Include="src\mesh.h">
      <Filter>Header Files</Filter>
    </ClInclude>
    <ClInclude Include="src\model.h">
      <Filter>Header Files</Filter>
    </ClInclude>
    <ClInclude Include="src\Application.h">
      <Filter>Header Files</Filter>
    </ClInclude>
    <ClInclude Include="Extern\imGui\imconfig.h">
      <Filter>Header Files</Filter>
    </ClInclude>
    <ClInclude Include="Extern\imGui\imgui.h">
      <Filter>Header Files</Filter>
    </ClInclude>
    <ClInclude Include="Extern\imGui\imgui_impl_glfw.h">
      <Filter>Header Files</Filter>
    </ClInclude>
    <ClInclude Include="Extern\imGui\imgui_impl_opengl3.h">
      <Filter>Header Files</Filter>
    </ClInclude>
    <ClInclude Include="Extern\imGui\imgui_impl_opengl3_loader.h">
      <Filter>Header Files</Filter>
    </ClInclude>
    <ClInclude Include="Extern\imGui\imgui_internal.h">
      <Filter>Header Files</Filter>
    </ClInclude>
    <ClInclude Include="Extern\imGui\imstb_rectpack.h">
      <Filter>Header Files</Filter>
    </ClInclude>
    <ClInclude Include="Extern\imGui\imstb_textedit.h">
      <Filter>Header Files</Filter>
    </ClInclude>
    <ClInclude Include="Extern\imGui\imstb_truetype.h">
      <Filter>Header Files</Filter>
    </ClInclude>
    <ClInclude Include="src\Renderer.h">
      <Filter>Header Files</Filter>
    </ClInclude>
    <ClInclude Include="src\Light.h">
      <Filter>Header Files</Filter>
    </ClInclude>
    <ClInclude Include="src\Transform.h">
      <Filter>Header Files</Filter>
    </ClInclude>
    <ClInclude Include="src\LightManager.h">
      <Filter>Header Files</Filter>
    </ClInclude>
    <ClInclude Include="src\Random.h">
      <Filter>Header Files</Filter>
    </ClInclude>
    <ClInclude Include="src\material.h">
      <Filter>Header Files</Filter>
    </ClInclude>
    <ClInclude Include="src\Textures.h">
      <Filter>Header Files</Filter>
    </ClInclude>
    <ClInclude Include="src\VertexArray.h">
      <Filter>Header Files</Filter>
    </ClInclude>
    <ClInclude Include="src\VertexBuffer.h">
      <Filter>Header Files</Filter>
    </ClInclude>
    <ClInclude Include="src\VertexBufferLayout.h">
      <Filter>Header Files</Filter>
    </ClInclude>
    <ClInclude Include="src\IndexBuffer.h">
      <Filter>Header Files</Filter>
    </ClInclude>
    <ClInclude Include="src\ApplicationRenderer.h">
      <Filter>Header Files</Filter>
    </ClInclude>
    <ClInclude Include="src\GraphicsRender.h">
      <Filter>Header Files</Filter>
    </ClInclude>
    <ClInclude Include="src\PhysicsCollisionTypes.h">
      <Filter>Physics</Filter>
    </ClInclude>
    <ClInclude Include="src\PhysicsEngine.h">
      <Filter>Physics</Filter>
    </ClInclude>
    <ClInclude Include="src\PhysicsObject.h">
      <Filter>Physics</Filter>
    </ClInclude>
    <ClInclude Include="src\Vertex.h">
      <Filter>Header Files</Filter>
    </ClInclude>
    <ClInclude Include="src\Triangle.h">
      <Filter>Header Files</Filter>
    </ClInclude>
    <ClInclude Include="src\Skybox.h">
      <Filter>Header Files</Filter>
    </ClInclude>
    <ClInclude Include="src\LoadModelsExternal.h">
      <Filter>Header Files</Filter>
    </ClInclude>
    <ClInclude Include="src\CameraMovement.h">
      <Filter>Header Files</Filter>
    </ClInclude>
    <ClInclude Include="src\BvhTree.h">
      <Filter>BVH aabb</Filter>
    </ClInclude>
    <ClInclude Include="src\SpaceShip.h">
      <Filter>Entities\SpaceShip</Filter>
    </ClInclude>
    <ClInclude Include="src\LuaBrain.h">
      <Filter>Header Files</Filter>
    </ClInclude>
    <ClInclude Include="src\iCommand.h">
      <Filter>Commands</Filter>
    </ClInclude>
    <ClInclude Include="src\CommandGroup.h">
      <Filter>Commands</Filter>
    </ClInclude>
    <ClInclude Include="src\CommandManager.h">
      <Filter>Commands</Filter>
    </ClInclude>
    <ClInclude Include="src\Command.h">
      <Filter>Commands</Filter>
    </ClInclude>
    <ClInclude Include="src\MoveTo.h">
      <Filter>Commands</Filter>
    </ClInclude>
    <ClInclude Include="src\Ball.h">
      <Filter>Entities\Sphere</Filter>
    </ClInclude>
    <ClInclude Include="src\OrientTo.h">
      <Filter>Commands</Filter>
    </ClInclude>
    <ClInclude Include="src\FollowObject.h">
      <Filter>Commands</Filter>
    </ClInclude>
    <ClInclude Include="src\LuaManager.h">
      <Filter>Lua\Lua Handler</Filter>
    </ClInclude>
    <ClInclude Include="src\LuaHandler.h">
      <Filter>Lua\Lua Handler</Filter>
    </ClInclude>
    <ClInclude Include="src\SpawnObject.h">
      <Filter>Commands</Filter>
    </ClInclude>
    <ClInclude Include="src\Singleton.h">
      <Filter>Header Files</Filter>
    </ClInclude>
    <ClInclude Include="src\GameObject.h">
      <Filter>GameObject</Filter>
    </ClInclude>
    <ClInclude Include="src\Sphere.h">
      <Filter>Entities\Sphere</Filter>
    </ClInclude>
    <ClInclude Include="src\WaitForSeconds.h">
      <Filter>Commands</Filter>
    </ClInclude>
    <ClInclude Include="src\AsteroidGroups.h">
      <Filter>Header Files</Filter>
    </ClInclude>
    <ClInclude Include="src\MoveAlongOneAxisWithTime.h">
      <Filter>Commands</Filter>
    </ClInclude>
    <ClInclude Include="src\Asteroid.h">
      <Filter>Entities</Filter>
    </ClInclude>
    <ClInclude Include="src\FighterJet.h">
      <Filter>Entities</Filter>
    </ClInclude>
  </ItemGroup>
  <ItemGroup>
    <None Include="Example.lua" />
    <None Include="SpaceShip.lua">
      <Filter>Lua\Lua Scripts</Filter>
    </None>
    <None Include="Shaders\Light_FragmentShader.frag">
      <Filter>Shaders</Filter>
    </None>
    <None Include="Shaders\Light_FragmentShader2.frag">
      <Filter>Shaders</Filter>
    </None>
    <None Include="Shaders\Light_VertexShader.vert">
      <Filter>Shaders</Filter>
    </None>
    <None Include="Shaders\lighting.frag">
      <Filter>Shaders</Filter>
    </None>
    <None Include="Shaders\lighting.vert">
      <Filter>Shaders</Filter>
    </None>
    <None Include="Shaders\ScrollTexture.frag">
      <Filter>Shaders</Filter>
    </None>
    <None Include="Shaders\ScrollTexture.vert">
      <Filter>Shaders</Filter>
    </None>
    <None Include="Shaders\Shader.frag">
      <Filter>Shaders</Filter>
    </None>
    <None Include="Shaders\Shader.vert">
      <Filter>Shaders</Filter>
    </None>
    <None Include="Shaders\SkyboxShader.frag">
      <Filter>Shaders</Filter>
    </None>
    <None Include="Shaders\SkyboxShader.vert">
      <Filter>Shaders</Filter>
    </None>
    <None Include="Source.frag">
      <Filter>Shaders</Filter>
    </None>
    <None Include="Shaders\StencilOutline.frag">
      <Filter>Shaders</Filter>
    </None>
    <None Include="Shaders\StencilOutline.vert">
      <Filter>Shaders</Filter>
    </None>
    <None Include="Shaders\color.vert">
      <Filter>Shaders</Filter>
    </None>
    <None Include="Shaders\color.frag">
      <Filter>Shaders</Filter>
    </None>
    <None Include="Sphere.lua">
      <Filter>Lua\Lua Scripts</Filter>
    </None>
    <None Include="World.lua" />
  </ItemGroup>
</Project>